
Microsoft Visual Studio Solution File, Format Version 12.00
# Visual Studio 15
VisualStudioVersion = 15.0.27428.2002
MinimumVisualStudioVersion = 10.0.40219.1
Project("{FAE04EC0-301F-11D3-BF4B-00C04F79EFBC}") = "Foldvari_David_B5PLMF", "Foldvari_David_B5PLMF\Foldvari_David_B5PLMF.csproj", "{BF26B23C-1D7C-4520-92EF-7B31A35FB52D}"
EndProject
Global
	GlobalSection(SolutionConfigurationPlatforms) = preSolution
		Debug|Any CPU = Debug|Any CPU
		Release|Any CPU = Release|Any CPU
	EndGlobalSection
	GlobalSection(ProjectConfigurationPlatforms) = postSolution
		{BF26B23C-1D7C-4520-92EF-7B31A35FB52D}.Debug|Any CPU.ActiveCfg = Debug|Any CPU
		{BF26B23C-1D7C-4520-92EF-7B31A35FB52D}.Debug|Any CPU.Build.0 = Debug|Any CPU
		{BF26B23C-1D7C-4520-92EF-7B31A35FB52D}.Release|Any CPU.ActiveCfg = Release|Any CPU
		{BF26B23C-1D7C-4520-92EF-7B31A35FB52D}.Release|Any CPU.Build.0 = Release|Any CPU
	EndGlobalSection
	GlobalSection(SolutionProperties) = preSolution
		HideSolutionNode = FALSE
	EndGlobalSection
	GlobalSection(ExtensibilityGlobals) = postSolution
		SolutionGuid = {DF7E5B11-16B2-46AB-A327-F3EF04283241}
	EndGlobalSection
EndGlobal
